# This file is automatically @generated by Poetry 1.8.3 and should not be changed by hand.

[[package]]
name = "ignas-t-biudzetas"
version = "0.1.0"
description = ""
optional = false
python-versions = "<4.0,>=3.12"
files = [
    {file = "ignas_t_biudzetas-0.1.0-py3-none-any.whl", hash = "sha256:84e23421ca884658dee39a2a4f0858febc674292e6a61360a687d6a21ec1d2b1"},
    {file = "ignas_t_biudzetas-0.1.0.tar.gz", hash = "sha256:237e5a8bda38806680d99ba3d439a83be12d390fa74ec53deb5af1d71e0eeb54"},
]

[metadata]
lock-version = "2.0"
python-versions = "^3.12"
content-hash = "dcf570e9359d1df1c4d5c774433e3df48150cbc3c09af3fe9304727fe846e45d"
